
Microsoft Visual Studio Solution File, Format Version 12.00
# Visual Studio Version 17
VisualStudioVersion = 17.11.35312.102
MinimumVisualStudioVersion = 10.0.40219.1
Project("{FAE04EC0-301F-11D3-BF4B-00C04F79EFBC}") = "GestionCalificaciones", "GestionCalificaciones\GestionCalificaciones.csproj", "{5F5D9FB5-E552-4C16-B504-D140988890C3}"
EndProject
Global
	GlobalSection(SolutionConfigurationPlatforms) = preSolution
		Debug|Any CPU = Debug|Any CPU
		Release|Any CPU = Release|Any CPU
	EndGlobalSection
	GlobalSection(ProjectConfigurationPlatforms) = postSolution
		{5F5D9FB5-E552-4C16-B504-D140988890C3}.Debug|Any CPU.ActiveCfg = Debug|Any CPU
		{5F5D9FB5-E552-4C16-B504-D140988890C3}.Debug|Any CPU.Build.0 = Debug|Any CPU
		{5F5D9FB5-E552-4C16-B504-D140988890C3}.Release|Any CPU.ActiveCfg = Release|Any CPU
		{5F5D9FB5-E552-4C16-B504-D140988890C3}.Release|Any CPU.Build.0 = Release|Any CPU
	EndGlobalSection
	GlobalSection(SolutionProperties) = preSolution
		HideSolutionNode = FALSE
	EndGlobalSection
	GlobalSection(ExtensibilityGlobals) = postSolution
		SolutionGuid = {388EE8B4-A5A6-412A-84EC-D3E535617FF9}
	EndGlobalSection
EndGlobal
